
Microsoft Visual Studio Solution File, Format Version 12.00
Project("{FAE04EC0-301F-11D3-BF4B-00C04F79EFBC}") = "RestBuilder", "RestBuilder\RestBuilder\RestBuilder.csproj", "{35ABB739-58CD-4B7C-95AF-A772B5F68DA4}"
EndProject
Project("{FAE04EC0-301F-11D3-BF4B-00C04F79EFBC}") = "RestBuilder.Sample", "RestBuilder\RestBuilder.Sample\RestBuilder.Sample.csproj", "{7154730B-289D-41B8-8B7E-7CB92F259465}"
EndProject
Global
	GlobalSection(SolutionConfigurationPlatforms) = preSolution
		Debug|Any CPU = Debug|Any CPU
		Release|Any CPU = Release|Any CPU
	EndGlobalSection
	GlobalSection(ProjectConfigurationPlatforms) = postSolution
		{35ABB739-58CD-4B7C-95AF-A772B5F68DA4}.Debug|Any CPU.ActiveCfg = Debug|Any CPU
		{35ABB739-58CD-4B7C-95AF-A772B5F68DA4}.Debug|Any CPU.Build.0 = Debug|Any CPU
		{35ABB739-58CD-4B7C-95AF-A772B5F68DA4}.Release|Any CPU.ActiveCfg = Release|Any CPU
		{35ABB739-58CD-4B7C-95AF-A772B5F68DA4}.Release|Any CPU.Build.0 = Release|Any CPU
		{7154730B-289D-41B8-8B7E-7CB92F259465}.Debug|Any CPU.ActiveCfg = Debug|Any CPU
		{7154730B-289D-41B8-8B7E-7CB92F259465}.Debug|Any CPU.Build.0 = Debug|Any CPU
		{7154730B-289D-41B8-8B7E-7CB92F259465}.Release|Any CPU.ActiveCfg = Release|Any CPU
		{7154730B-289D-41B8-8B7E-7CB92F259465}.Release|Any CPU.Build.0 = Release|Any CPU
	EndGlobalSection
EndGlobal
